
Microsoft Visual Studio Solution File, Format Version 12.00
# Visual Studio Version 16
VisualStudioVersion = 16.0.30523.141
MinimumVisualStudioVersion = 10.0.40219.1
Project("{FAE04EC0-301F-11D3-BF4B-00C04F79EFBC}") = "Prvocisla", "Prvocisla\Prvocisla.csproj", "{32F22427-D689-43A7-95B9-F29AD5554ABF}"
EndProject
Global
	GlobalSection(SolutionConfigurationPlatforms) = preSolution
		Debug|Any CPU = Debug|Any CPU
		Release|Any CPU = Release|Any CPU
	EndGlobalSection
	GlobalSection(ProjectConfigurationPlatforms) = postSolution
		{32F22427-D689-43A7-95B9-F29AD5554ABF}.Debug|Any CPU.ActiveCfg = Debug|Any CPU
		{32F22427-D689-43A7-95B9-F29AD5554ABF}.Debug|Any CPU.Build.0 = Debug|Any CPU
		{32F22427-D689-43A7-95B9-F29AD5554ABF}.Release|Any CPU.ActiveCfg = Release|Any CPU
		{32F22427-D689-43A7-95B9-F29AD5554ABF}.Release|Any CPU.Build.0 = Release|Any CPU
	EndGlobalSection
	GlobalSection(SolutionProperties) = preSolution
		HideSolutionNode = FALSE
	EndGlobalSection
	GlobalSection(ExtensibilityGlobals) = postSolution
		SolutionGuid = {3CE39E4B-6D46-4C55-AD19-67B414CDA61D}
	EndGlobalSection
EndGlobal
