
Microsoft Visual Studio Solution File, Format Version 12.00
# Visual Studio Version 16
VisualStudioVersion = 16.0.30611.23
MinimumVisualStudioVersion = 10.0.40219.1
Project("{FAE04EC0-301F-11D3-BF4B-00C04F79EFBC}") = "TestGymvod2", "TestGymvod2\TestGymvod2.csproj", "{208C19CE-6B12-4BC7-A4FF-FB1CF36CF178}"
EndProject
Global
	GlobalSection(SolutionConfigurationPlatforms) = preSolution
		Debug|Any CPU = Debug|Any CPU
		Release|Any CPU = Release|Any CPU
	EndGlobalSection
	GlobalSection(ProjectConfigurationPlatforms) = postSolution
		{208C19CE-6B12-4BC7-A4FF-FB1CF36CF178}.Debug|Any CPU.ActiveCfg = Debug|Any CPU
		{208C19CE-6B12-4BC7-A4FF-FB1CF36CF178}.Debug|Any CPU.Build.0 = Debug|Any CPU
		{208C19CE-6B12-4BC7-A4FF-FB1CF36CF178}.Release|Any CPU.ActiveCfg = Release|Any CPU
		{208C19CE-6B12-4BC7-A4FF-FB1CF36CF178}.Release|Any CPU.Build.0 = Release|Any CPU
	EndGlobalSection
	GlobalSection(SolutionProperties) = preSolution
		HideSolutionNode = FALSE
	EndGlobalSection
	GlobalSection(ExtensibilityGlobals) = postSolution
		SolutionGuid = {CE3BE222-A6FE-4EA3-93E4-2451E05CF119}
	EndGlobalSection
EndGlobal
